
Microsoft Visual Studio Solution File, Format Version 12.00
# Visual Studio Version 17
VisualStudioVersion = 17.6.33815.320
MinimumVisualStudioVersion = 10.0.40219.1
Project("{FAE04EC0-301F-11D3-BF4B-00C04F79EFBC}") = "ProjectForJenkins", "ProjectForJenkins\ProjectForJenkins.csproj", "{F6EE83CE-470D-49CF-9F8C-50BAA53814EC}"
EndProject
Global
	GlobalSection(SolutionConfigurationPlatforms) = preSolution
		Debug|Any CPU = Debug|Any CPU
		Release|Any CPU = Release|Any CPU
	EndGlobalSection
	GlobalSection(ProjectConfigurationPlatforms) = postSolution
		{F6EE83CE-470D-49CF-9F8C-50BAA53814EC}.Debug|Any CPU.ActiveCfg = Debug|Any CPU
		{F6EE83CE-470D-49CF-9F8C-50BAA53814EC}.Debug|Any CPU.Build.0 = Debug|Any CPU
		{F6EE83CE-470D-49CF-9F8C-50BAA53814EC}.Release|Any CPU.ActiveCfg = Release|Any CPU
		{F6EE83CE-470D-49CF-9F8C-50BAA53814EC}.Release|Any CPU.Build.0 = Release|Any CPU
	EndGlobalSection
	GlobalSection(SolutionProperties) = preSolution
		HideSolutionNode = FALSE
	EndGlobalSection
	GlobalSection(ExtensibilityGlobals) = postSolution
		SolutionGuid = {27E30940-F0A0-46FE-8408-89BA075B4B44}
	EndGlobalSection
EndGlobal
